[root]
name = "wiring"
version = "0.1.0"
dependencies = [
 "futures 0.1.11 (registry+https://github.com/rust-lang/crates.io-index)",
]

[[package]]
name = "compiler_builtins"
version = "0.1.0"
source = "git+https://github.com/rust-lang-nursery/compiler-builtins#0507842b248b29d18855042544cf209371ea17c1"
dependencies = [
 "rustc-cfg 0.3.0 (registry+https://github.com/rust-lang/crates.io-index)",
]

[[package]]
name = "cortex-m"
version = "0.1.6"
source = "registry+https://github.com/rust-lang/crates.io-index"
dependencies = [
 "volatile-register 0.1.2 (registry+https://github.com/rust-lang/crates.io-index)",
]

[[package]]
name = "cortex-m-semihosting"
version = "0.1.2"
source = "registry+https://github.com/rust-lang/crates.io-index"

[[package]]
name = "crc8"
version = "0.1.0"

[[package]]
name = "futures"
version = "0.1.11"
source = "registry+https://github.com/rust-lang/crates.io-index"

[[package]]
name = "kbd"
version = "0.1.0"
dependencies = [
 "crc8 0.1.0",
 "futures 0.1.11 (registry+https://github.com/rust-lang/crates.io-index)",
 "wiring 0.1.0",
]

[[package]]
name = "kbd_left_half"
version = "0.1.0"
dependencies = [
 "compiler_builtins 0.1.0 (git+https://github.com/rust-lang-nursery/compiler-builtins)",
 "cortex-m 0.1.6 (registry+https://github.com/rust-lang/crates.io-index)",
 "cortex-m-semihosting 0.1.2 (registry+https://github.com/rust-lang/crates.io-index)",
 "kbd 0.1.0",
 "r0 0.2.0 (registry+https://github.com/rust-lang/crates.io-index)",
 "volatile-register 0.1.2 (registry+https://github.com/rust-lang/crates.io-index)",
 "wiring 0.1.0",
]

[[package]]
name = "kbd_right_half"
version = "0.1.0"
dependencies = [
 "kbd 0.1.0",
 "wiring 0.1.0",
]

[[package]]
name = "r0"
version = "0.2.0"
source = "registry+https://github.com/rust-lang/crates.io-index"

[[package]]
name = "rustc-cfg"
version = "0.3.0"
source = "registry+https://github.com/rust-lang/crates.io-index"

[[package]]
name = "volatile-register"
version = "0.1.2"
source = "registry+https://github.com/rust-lang/crates.io-index"

[metadata]
"checksum compiler_builtins 0.1.0 (git+https://github.com/rust-lang-nursery/compiler-builtins)" = "<none>"
"checksum cortex-m 0.1.6 (registry+https://github.com/rust-lang/crates.io-index)" = "f636846f87391b548e55be42a3f787c76348288f8716486a7e184004b745c62d"
"checksum cortex-m-semihosting 0.1.2 (registry+https://github.com/rust-lang/crates.io-index)" = "b8d27ed287c929f8f4fb30832c5e4c255c0d055a99c6b9855158f227b49f4972"
"checksum futures 0.1.11 (registry+https://github.com/rust-lang/crates.io-index)" = "8e51e7f9c150ba7fd4cee9df8bf6ea3dea5b63b68955ddad19ccd35b71dcfb4d"
"checksum r0 0.2.0 (registry+https://github.com/rust-lang/crates.io-index)" = "62dbff51d8763241abca5bbd183ba31e78c0def1d7e2cbe11d4ac3303ae75628"
"checksum rustc-cfg 0.3.0 (registry+https://github.com/rust-lang/crates.io-index)" = "56a596b5718bf5e059d59a30af12f7f462a152de147aa462b70892849ee18704"
"checksum volatile-register 0.1.2 (registry+https://github.com/rust-lang/crates.io-index)" = "a470889aa8f2d3ad893bd43cd90c824e63e8ac0ee5fe64c5d81a932d184fd549"
