[root]
name = "keyboard-left-half"
version = "0.1.0"
dependencies = [
 "board 0.1.0",
 "cortex-m 0.1.6 (registry+https://github.com/rust-lang/crates.io-index)",
 "teensy 0.1.0",
]

[[package]]
name = "board"
version = "0.1.0"
dependencies = [
 "compiler_builtins 0.1.0 (git+https://github.com/rust-lang-nursery/compiler-builtins)",
 "cortex-m 0.1.6 (registry+https://github.com/rust-lang/crates.io-index)",
 "r0 0.2.0 (registry+https://github.com/rust-lang/crates.io-index)",
 "volatile-register 0.1.2 (registry+https://github.com/rust-lang/crates.io-index)",
]

[[package]]
name = "compiler_builtins"
version = "0.1.0"
source = "git+https://github.com/rust-lang-nursery/compiler-builtins#1550b0d32fe8fb4bf037d28218b49df0399a5d2c"
dependencies = [
 "gcc 0.3.43 (registry+https://github.com/rust-lang/crates.io-index)",
 "rustc-cfg 0.3.0 (registry+https://github.com/rust-lang/crates.io-index)",
]

[[package]]
name = "cortex-m"
version = "0.1.6"
source = "registry+https://github.com/rust-lang/crates.io-index"
dependencies = [
 "volatile-register 0.1.2 (registry+https://github.com/rust-lang/crates.io-index)",
]

[[package]]
name = "gcc"
version = "0.3.43"
source = "registry+https://github.com/rust-lang/crates.io-index"

[[package]]
name = "r0"
version = "0.2.0"
source = "registry+https://github.com/rust-lang/crates.io-index"

[[package]]
name = "rustc-cfg"
version = "0.3.0"
source = "registry+https://github.com/rust-lang/crates.io-index"

[[package]]
name = "teensy"
version = "0.1.0"
dependencies = [
 "gcc 0.3.43 (registry+https://github.com/rust-lang/crates.io-index)",
]

[[package]]
name = "volatile-register"
version = "0.1.2"
source = "registry+https://github.com/rust-lang/crates.io-index"

[metadata]
"checksum compiler_builtins 0.1.0 (git+https://github.com/rust-lang-nursery/compiler-builtins)" = "<none>"
"checksum cortex-m 0.1.6 (registry+https://github.com/rust-lang/crates.io-index)" = "f636846f87391b548e55be42a3f787c76348288f8716486a7e184004b745c62d"
"checksum gcc 0.3.43 (registry+https://github.com/rust-lang/crates.io-index)" = "c07c758b972368e703a562686adb39125707cc1ef3399da8c019fc6c2498a75d"
"checksum r0 0.2.0 (registry+https://github.com/rust-lang/crates.io-index)" = "62dbff51d8763241abca5bbd183ba31e78c0def1d7e2cbe11d4ac3303ae75628"
"checksum rustc-cfg 0.3.0 (registry+https://github.com/rust-lang/crates.io-index)" = "56a596b5718bf5e059d59a30af12f7f462a152de147aa462b70892849ee18704"
"checksum volatile-register 0.1.2 (registry+https://github.com/rust-lang/crates.io-index)" = "a470889aa8f2d3ad893bd43cd90c824e63e8ac0ee5fe64c5d81a932d184fd549"
